// !$*UTF8*$!
{
	archiveVersion = 1;
	classes = {
	};
	objectVersion = 46;
	objects = {

/* Begin PBXBuildFile section */
		0DEC07021A806DDE00A2FCD3 /* AppDelegate.swift in Sources */ = {isa = PBXBuildFile; fileRef = 0DEC07011A806DDE00A2FCD3 /* AppDelegate.swift */; };
		0DEC07041A806DDE00A2FCD3 /* ViewController.swift in Sources */ = {isa = PBXBuildFile; fileRef = 0DEC07031A806DDE00A2FCD3 /* ViewController.swift */; };
		0DEC07071A806DDE00A2FCD3 /* Main.storyboard in Resources */ = {isa = PBXBuildFile; fileRef = 0DEC07051A806DDE00A2FCD3 /* Main.storyboard */; };
		0DEC07091A806DDE00A2FCD3 /* Images.xcassets in Resources */ = {isa = PBXBuildFile; fileRef = 0DEC07081A806DDE00A2FCD3 /* Images.xcassets */; };
		0DEC070C1A806DDE00A2FCD3 /* LaunchScreen.xib in Resources */ = {isa = PBXBuildFile; fileRef = 0DEC070A1A806DDE00A2FCD3 /* LaunchScreen.xib */; };
		0DEC07181A806DDE00A2FCD3 /* thebestappTests.swift in Sources */ = {isa = PBXBuildFile; fileRef = 0DEC07171A806DDE00A2FCD3 /* thebestappTests.swift */; };
/* End PBXBuildFile section */

/* Begin PBXContainerItemProxy section */
		0DEC07121A806DDE00A2FCD3 /* PBXContainerItemProxy */ = {
			isa = PBXContainerItemProxy;
			containerPortal = 0DEC06F41A806DDE00A2FCD3 /* Project object */;
			proxyType = 1;
			remoteGlobalIDString = 0DEC06FB1A806DDE00A2FCD3;
			remoteInfo = thebestapp;
		};
/* End PBXContainerItemProxy section */

/* Begin PBXFileReference section */
		0DEC06FC1A806DDE00A2FCD3 /* thebestapp.app */ = {isa = PBXFileReference; explicitFileType = wrapper.application; includeInIndex = 0; path = thebestapp.app; sourceTree = BUILT_PRODUCTS_DIR; };
		0DEC07001A806DDE00A2FCD3 /* Info.plist */ = {isa = PBXFileReference; lastKnownFileType = text.plist.xml; path = Info.plist; sourceTree = "<group>"; };
		0DEC07011A806DDE00A2FCD3 /* AppDelegate.swift */ = {isa = PBXFileReference; lastKnownFileType = sourcecode.swift; path = AppDelegate.swift; sourceTree = "<group>"; };
		0DEC07031A806DDE00A2FCD3 /* ViewController.swift */ = {isa = PBXFileReference; lastKnownFileType = sourcecode.swift; path = ViewController.swift; sourceTree = "<group>"; };
		0DEC07061A806DDE00A2FCD3 /* Base */ = {isa = PBXFileReference; lastKnownFileType = file.storyboard; name = Base; path = Base.lproj/Main.storyboard; sourceTree = "<group>"; };
		0DEC07081A806DDE00A2FCD3 /* Images.xcassets */ = {isa = PBXFileReference; lastKnownFileType = folder.assetcatalog; path = Images.xcassets; sourceTree = "<group>"; };
		0DEC070B1A806DDE00A2FCD3 /* Base */ = {isa = PBXFileReference; lastKnownFileType = file.xib; name = Base; path = Base.lproj/LaunchScreen.xib; sourceTree = "<group>"; };
		0DEC07111A806DDE00A2FCD3 /* thebestappTests.xctest */ = {isa = PBXFileReference; explicitFileType = wrapper.cfbundle; includeInIndex = 0; path = thebestappTests.xctest; sourceTree = BUILT_PRODUCTS_DIR; };
		0DEC07161A806DDE00A2FCD3 /* Info.plist */ = {isa = PBXFileReference; lastKnownFileType = text.plist.xml; path = Info.plist; sourceTree = "<group>"; };
		0DEC07171A806DDE00A2FCD3 /* thebestappTests.swift */ = {isa = PBXFileReference; lastKnownFileType = sourcecode.swift; path = thebestappTests.swift; sourceTree = "<group>"; };
/* End PBXFileReference section */

/* Begin PBXFrameworksBuildPhase section */
		0DEC06F91A806DDE00A2FCD3 /* Frameworks */ = {
			isa = PBXFrameworksBuildPhase;
			buildActionMask = 2147483647;
			files = (
			);
			runOnlyForDeploymentPostprocessing = 0;
		};
		0DEC070E1A806DDE00A2FCD3 /* Frameworks */ = {
			isa = PBXFrameworksBuildPhase;
			buildActionMask = 2147483647;
			files = (
			);
			runOnlyForDeploymentPostprocessing = 0;
		};
/* End PBXFrameworksBuildPhase section */

/* Begin PBXGroup section */
		0DEC06F31A806DDE00A2FCD3 = {
			isa = PBXGroup;
			children = (
				0DEC06FE1A806DDE00A2FCD3 /* thebestapp */,
				0DEC07141A806DDE00A2FCD3 /* thebestappTests */,
				0DEC06FD1A806DDE00A2FCD3 /* Products */,
			);
			sourceTree = "<group>";
		};
		0DEC06FD1A806DDE00A2FCD3 /* Products */ = {
			isa = PBXGroup;
			children = (
				0DEC06FC1A806DDE00A2FCD3 /* thebestapp.app */,
				0DEC07111A806DDE00A2FCD3 /* thebestappTests.xctest */,
			);
			name = Products;
			sourceTree = "<group>";
		};
		0DEC06FE1A806DDE00A2FCD3 /* thebestapp */ = {
			isa = PBXGroup;
			children = (
				0DEC07011A806DDE00A2FCD3 /* AppDelegate.swift */,
				0DEC07031A806DDE00A2FCD3 /* ViewController.swift */,
				0DEC07051A806DDE00A2FCD3 /* Main.storyboard */,
				0DEC07081A806DDE00A2FCD3 /* Images.xcassets */,
				0DEC070A1A806DDE00A2FCD3 /* LaunchScreen.xib */,
				0DEC06FF1A806DDE00A2FCD3 /* Supporting Files */,
			);
			path = thebestapp;
			sourceTree = "<group>";
		};
		0DEC06FF1A806DDE00A2FCD3 /* Supporting Files */ = {
			isa = PBXGroup;
			children = (
				0DEC07001A806DDE00A2FCD3 /* Info.plist */,
			);
			name = "Supporting Files";
			sourceTree = "<group>";
		};
		0DEC07141A806DDE00A2FCD3 /* thebestappTests */ = {
			isa = PBXGroup;
			children = (
				0DEC07171A806DDE00A2FCD3 /* thebestappTests.swift */,
				0DEC07151A806DDE00A2FCD3 /* Supporting Files */,
			);
			path = thebestappTests;
			sourceTree = "<group>";
		};
		0DEC07151A806DDE00A2FCD3 /* Supporting Files */ = {
			isa = PBXGroup;
			children = (
				0DEC07161A806DDE00A2FCD3 /* Info.plist */,
			);
			name = "Supporting Files";
			sourceTree = "<group>";
		};
/* End PBXGroup section */

/* Begin PBXNativeTarget section */
		0DEC06FB1A806DDE00A2FCD3 /* thebestapp */ = {
			isa = PBXNativeTarget;
			buildConfigurationList = 0DEC071B1A806DDE00A2FCD3 /* Build configuration list for PBXNativeTarget "thebestapp" */;
			buildPhases = (
				0DEC06F81A806DDE00A2FCD3 /* Sources */,
				0DEC06F91A806DDE00A2FCD3 /* Frameworks */,
				0DEC06FA1A806DDE00A2FCD3 /* Resources */,
			);
			buildRules = (
			);
			dependencies = (
			);
			name = thebestapp;
			productName = thebestapp;
			productReference = 0DEC06FC1A806DDE00A2FCD3 /* thebestapp.app */;
			productType = "com.apple.product-type.application";
		};
		0DEC07101A806DDE00A2FCD3 /* thebestappTests */ = {
			isa = PBXNativeTarget;
			buildConfigurationList = 0DEC071E1A806DDE00A2FCD3 /* Build configuration list for PBXNativeTarget "thebestappTests" */;
			buildPhases = (
				0DEC070D1A806DDE00A2FCD3 /* Sources */,
				0DEC070E1A806DDE00A2FCD3 /* Frameworks */,
				0DEC070F1A806DDE00A2FCD3 /* Resources */,
			);
			buildRules = (
			);
			dependencies = (
				0DEC07131A806DDE00A2FCD3 /* PBXTargetDependency */,
			);
			name = thebestappTests;
			productName = thebestappTests;
			productReference = 0DEC07111A806DDE00A2FCD3 /* thebestappTests.xctest */;
			productType = "com.apple.product-type.bundle.unit-test";
		};
/* End PBXNativeTarget section */

/* Begin PBXProject section */
		0DEC06F41A806DDE00A2FCD3 /* Project object */ = {
			isa = PBXProject;
			attributes = {
				LastUpgradeCheck = 0610;
				ORGANIZATIONNAME = "Rock Valley College";
				TargetAttributes = {
					0DEC06FB1A806DDE00A2FCD3 = {
						CreatedOnToolsVersion = 6.1;
					};
					0DEC07101A806DDE00A2FCD3 = {
						CreatedOnToolsVersion = 6.1;
						TestTargetID = 0DEC06FB1A806DDE00A2FCD3;
					};
				};
			};
			buildConfigurationList = 0DEC06F71A806DDE00A2FCD3 /* Build configuration list for PBXProject "thebestapp" */;
			compatibilityVersion = "Xcode 3.2";
			developmentRegion = English;
			hasScannedForEncodings = 0;
			knownRegions = (
				en,
				Base,
			);
			mainGroup = 0DEC06F31A806DDE00A2FCD3;
			productRefGroup = 0DEC06FD1A806DDE00A2FCD3 /* Products */;
			projectDirPath = "";
			projectRoot = "";
			targets = (
				0DEC06FB1A806DDE00A2FCD3 /* thebestapp */,
				0DEC07101A806DDE00A2FCD3 /* thebestappTests */,
			);
		};
/* End PBXProject section */

/* Begin PBXResourcesBuildPhase section */
		0DEC06FA1A806DDE00A2FCD3 /* Resources */ = {
			isa = PBXResourcesBuildPhase;
			buildActionMask = 2147483647;
			files = (
				0DEC07071A806DDE00A2FCD3 /* Main.storyboard in Resources */,
				0DEC070C1A806DDE00A2FCD3 /* LaunchScreen.xib in Resources */,
				0DEC07091A806DDE00A2FCD3 /* Images.xcassets in Resources */,
			);
			runOnlyForDeploymentPostprocessing = 0;
		};
		0DEC070F1A806DDE00A2FCD3 /* Resources */ = {
			isa = PBXResourcesBuildPhase;
			buildActionMask = 2147483647;
			files = (
			);
			runOnlyForDeploymentPostprocessing = 0;
		};
/* End PBXResourcesBuildPhase section */

/* Begin PBXSourcesBuildPhase section */
		0DEC06F81A806DDE00A2FCD3 /* Sources */ = {
			isa = PBXSourcesBuildPhase;
			buildActionMask = 2147483647;
			files = (
				0DEC07041A806DDE00A2FCD3 /* ViewController.swift in Sources */,
				0DEC07021A806DDE00A2FCD3 /* AppDelegate.swift in Sources */,
			);
			runOnlyForDeploymentPostprocessing = 0;
		};
		0DEC070D1A806DDE00A2FCD3 /* Sources */ = {
			isa = PBXSourcesBuildPhase;
			buildActionMask = 2147483647;
			files = (
				0DEC07181A806DDE00A2FCD3 /* thebestappTests.swift in Sources */,
			);
			runOnlyForDeploymentPostprocessing = 0;
		};
/* End PBXSourcesBuildPhase section */

/* Begin PBXTargetDependency section */
		0DEC07131A806DDE00A2FCD3 /* PBXTargetDependency */ = {
			isa = PBXTargetDependency;
			target = 0DEC06FB1A806DDE00A2FCD3 /* thebestapp */;
			targetProxy = 0DEC07121A806DDE00A2FCD3 /* PBXContainerItemProxy */;
		};
/* End PBXTargetDependency section */

/* Begin PBXVariantGroup section */
		0DEC07051A806DDE00A2FCD3 /* Main.storyboard */ = {
			isa = PBXVariantGroup;
			children = (
				0DEC07061A806DDE00A2FCD3 /* Base */,
			);
			name = Main.storyboard;
			sourceTree = "<group>";
		};
		0DEC070A1A806DDE00A2FCD3 /* LaunchScreen.xib */ = {
			isa = PBXVariantGroup;
			children = (
				0DEC070B1A806DDE00A2FCD3 /* Base */,
			);
			name = LaunchScreen.xib;
			sourceTree = "<group>";
		};
/* End PBXVariantGroup section */

/* Begin XCBuildConfiguration section */
		0DEC07191A806DDE00A2FCD3 /* Debug */ = {
			isa = XCBuildConfiguration;
			buildSettings = {
				ALWAYS_SEARCH_USER_PATHS = NO;
				CLANG_CXX_LANGUAGE_STANDARD = "gnu++0x";
				CLANG_CXX_LIBRARY = "libc++";
				CLANG_ENABLE_MODULES = YES;
				CLANG_ENABLE_OBJC_ARC = YES;
				CLANG_WARN_BOOL_CONVERSION = YES;
				CLANG_WARN_CONSTANT_CONVERSION = YES;
				CLANG_WARN_DIRECT_OBJC_ISA_USAGE = YES_ERROR;
				CLANG_WARN_EMPTY_BODY = YES;
				CLANG_WARN_ENUM_CONVERSION = YES;
				CLANG_WARN_INT_CONVERSION = YES;
				CLANG_WARN_OBJC_ROOT_CLASS = YES_ERROR;
				CLANG_WARN_UNREACHABLE_CODE = YES;
				CLANG_WARN__DUPLICATE_METHOD_MATCH = YES;
				"CODE_SIGN_IDENTITY[sdk=iphoneos*]" = "iPhone Developer";
				COPY_PHASE_STRIP = NO;
				ENABLE_STRICT_OBJC_MSGSEND = YES;
				GCC_C_LANGUAGE_STANDARD = gnu99;
				GCC_DYNAMIC_NO_PIC = NO;
				GCC_OPTIMIZATION_LEVEL = 0;
				GCC_PREPROCESSOR_DEFINITIONS = (
					"DEBUG=1",
					"$(inherited)",
				);
				GCC_SYMBOLS_PRIVATE_EXTERN = NO;
				GCC_WARN_64_TO_32_BIT_CONVERSION = YES;
				GCC_WARN_ABOUT_RETURN_TYPE = YES_ERROR;
				GCC_WARN_UNDECLARED_SELECTOR = YES;
				GCC_WARN_UNINITIALIZED_AUTOS = YES_AGGRESSIVE;
				GCC_WARN_UNUSED_FUNCTION = YES;
				GCC_WARN_UNUSED_VARIABLE = YES;
				IPHONEOS_DEPLOYMENT_TARGET = 8.1;
				MTL_ENABLE_DEBUG_INFO = YES;
				ONLY_ACTIVE_ARCH = YES;
				SDKROOT = iphoneos;
				SWIFT_OPTIMIZATION_LEVEL = "-Onone";
			};
			name = Debug;
		};
		0DEC071A1A806DDE00A2FCD3 /* Release */ = {
			isa = XCBuildConfiguration;
			buildSettings = {
				ALWAYS_SEARCH_USER_PATHS = NO;
				CLANG_CXX_LANGUAGE_STANDARD = "gnu++0x";
				CLANG_CXX_LIBRARY = "libc++";
				CLANG_ENABLE_MODULES = YES;
				CLANG_ENABLE_OBJC_ARC = YES;
				CLANG_WARN_BOOL_CONVERSION = YES;
				CLANG_WARN_CONSTANT_CONVERSION = YES;
				CLANG_WARN_DIRECT_OBJC_ISA_USAGE = YES_ERROR;
				CLANG_WARN_EMPTY_BODY = YES;
				CLANG_WARN_ENUM_CONVERSION = YES;
				CLANG_WARN_INT_CONVERSION = YES;
				CLANG_WARN_OBJC_ROOT_CLASS = YES_ERROR;
				CLANG_WARN_UNREACHABLE_CODE = YES;
				CLANG_WARN__DUPLICATE_METHOD_MATCH = YES;
				"CODE_SIGN_IDENTITY[sdk=iphoneos*]" = "iPhone Developer";
				COPY_PHASE_STRIP = YES;
				ENABLE_NS_ASSERTIONS = NO;
				ENABLE_STRICT_OBJC_MSGSEND = YES;
				GCC_C_LANGUAGE_STANDARD = gnu99;
				GCC_WARN_64_TO_32_BIT_CONVERSION = YES;
				GCC_WARN_ABOUT_RETURN_TYPE = YES_ERROR;
				GCC_WARN_UNDECLARED_SELECTOR = YES;
				GCC_WARN_UNINITIALIZED_AUTOS = YES_AGGRESSIVE;
				GCC_WARN_UNUSED_FUNCTION = YES;
				GCC_WARN_UNUSED_VARIABLE = YES;
				IPHONEOS_DEPLOYMENT_TARGET = 8.1;
				MTL_ENABLE_DEBUG_INFO = NO;
				SDKROOT = iphoneos;
				VALIDATE_PRODUCT = YES;
			};
			name = Release;
		};
		0DEC071C1A806DDE00A2FCD3 /* Debug */ = {
			isa = XCBuildConfiguration;
			buildSettings = {
				ASSETCATALOG_COMPILER_APPICON_NAME = AppIcon;
				INFOPLIST_FILE = thebestapp/Info.plist;
				LD_RUNPATH_SEARCH_PATHS = "$(inherited) @executable_path/Frameworks";
				PRODUCT_NAME = "$(TARGET_NAME)";
			};
			name = Debug;
		};
		0DEC071D1A806DDE00A2FCD3 /* Release */ = {
			isa = XCBuildConfiguration;
			buildSettings = {
				ASSETCATALOG_COMPILER_APPICON_NAME = AppIcon;
				INFOPLIST_FILE = thebestapp/Info.plist;
				LD_RUNPATH_SEARCH_PATHS = "$(inherited) @executable_path/Frameworks";
				PRODUCT_NAME = "$(TARGET_NAME)";
			};
			name = Release;
		};
		0DEC071F1A806DDE00A2FCD3 /* Debug */ = {
			isa = XCBuildConfiguration;
			buildSettings = {
				BUNDLE_LOADER = "$(TEST_HOST)";
				FRAMEWORK_SEARCH_PATHS = (
					"$(SDKROOT)/Developer/Library/Frameworks",
					"$(inherited)",
				);
				GCC_PREPROCESSOR_DEFINITIONS = (
					"DEBUG=1",
					"$(inherited)",
				);
				INFOPLIST_FILE = thebestappTests/Info.plist;
				LD_RUNPATH_SEARCH_PATHS = "$(inherited) @executable_path/Frameworks @loader_path/Frameworks";
				PRODUCT_NAME = "$(TARGET_NAME)";
				TEST_HOST = "$(BUILT_PRODUCTS_DIR)/thebestapp.app/thebestapp";
			};
			name = Debug;
		};
		0DEC07201A806DDE00A2FCD3 /* Release */ = {
			isa = XCBuildConfiguration;
			buildSettings = {
				BUNDLE_LOADER = "$(TEST_HOST)";
				FRAMEWORK_SEARCH_PATHS = (
					"$(SDKROOT)/Developer/Library/Frameworks",
					"$(inherited)",
				);
				INFOPLIST_FILE = thebestappTests/Info.plist;
				LD_RUNPATH_SEARCH_PATHS = "$(inherited) @executable_path/Frameworks @loader_path/Frameworks";
				PRODUCT_NAME = "$(TARGET_NAME)";
				TEST_HOST = "$(BUILT_PRODUCTS_DIR)/thebestapp.app/thebestapp";
			};
			name = Release;
		};
/* End XCBuildConfiguration section */

/* Begin XCConfigurationList section */
		0DEC06F71A806DDE00A2FCD3 /* Build configuration list for PBXProject "thebestapp" */ = {
			isa = XCConfigurationList;
			buildConfigurations = (
				0DEC07191A806DDE00A2FCD3 /* Debug */,
				0DEC071A1A806DDE00A2FCD3 /* Release */,
			);
			defaultConfigurationIsVisible = 0;
			defaultConfigurationName = Release;
		};
		0DEC071B1A806DDE00A2FCD3 /* Build configuration list for PBXNativeTarget "thebestapp" */ = {
			isa = XCConfigurationList;
			buildConfigurations = (
				0DEC071C1A806DDE00A2FCD3 /* Debug */,
				0DEC071D1A806DDE00A2FCD3 /* Release */,
			);
			defaultConfigurationIsVisible = 0;
		};
		0DEC071E1A806DDE00A2FCD3 /* Build configuration list for PBXNativeTarget "thebestappTests" */ = {
			isa = XCConfigurationList;
			buildConfigurations = (
				0DEC071F1A806DDE00A2FCD3 /* Debug */,
				0DEC07201A806DDE00A2FCD3 /* Release */,
			);
			defaultConfigurationIsVisible = 0;
		};
/* End XCConfigurationList section */
	};
	rootObject = 0DEC06F41A806DDE00A2FCD3 /* Project object */;
}
